
Microsoft Visual Studio Solution File, Format Version 12.00
# Visual Studio Version 16
VisualStudioVersion = 16.0.31702.278
MinimumVisualStudioVersion = 10.0.40219.1
Project("{FAE04EC0-301F-11D3-BF4B-00C04F79EFBC}") = "Aplicacion Multas", "Aplicacion Multas\Aplicacion Multas.csproj", "{340DB228-DBDD-44F4-B3AC-EA5C2FDD534B}"
EndProject
Global
	GlobalSection(SolutionConfigurationPlatforms) = preSolution
		Debug|Any CPU = Debug|Any CPU
		Release|Any CPU = Release|Any CPU
	EndGlobalSection
	GlobalSection(ProjectConfigurationPlatforms) = postSolution
		{340DB228-DBDD-44F4-B3AC-EA5C2FDD534B}.Debug|Any CPU.ActiveCfg = Debug|Any CPU
		{340DB228-DBDD-44F4-B3AC-EA5C2FDD534B}.Debug|Any CPU.Build.0 = Debug|Any CPU
		{340DB228-DBDD-44F4-B3AC-EA5C2FDD534B}.Release|Any CPU.ActiveCfg = Release|Any CPU
		{340DB228-DBDD-44F4-B3AC-EA5C2FDD534B}.Release|Any CPU.Build.0 = Release|Any CPU
	EndGlobalSection
	GlobalSection(SolutionProperties) = preSolution
		HideSolutionNode = FALSE
	EndGlobalSection
	GlobalSection(ExtensibilityGlobals) = postSolution
		SolutionGuid = {6BD268D4-0FBD-468D-B37F-69944E10BCCB}
	EndGlobalSection
EndGlobal
